
Microsoft Visual Studio Solution File, Format Version 12.00
# Visual Studio Version 17
VisualStudioVersion = 17.4.33213.308
MinimumVisualStudioVersion = 10.0.40219.1
Project("{FAE04EC0-301F-11D3-BF4B-00C04F79EFBC}") = "Meetlat constructor", "Meetlat constructor.csproj", "{9FFAAAE4-83A8-4D57-B959-D94DA3108139}"
EndProject
Global
	GlobalSection(SolutionConfigurationPlatforms) = preSolution
		Debug|Any CPU = Debug|Any CPU
		Release|Any CPU = Release|Any CPU
	EndGlobalSection
	GlobalSection(ProjectConfigurationPlatforms) = postSolution
		{9FFAAAE4-83A8-4D57-B959-D94DA3108139}.Debug|Any CPU.ActiveCfg = Debug|Any CPU
		{9FFAAAE4-83A8-4D57-B959-D94DA3108139}.Debug|Any CPU.Build.0 = Debug|Any CPU
		{9FFAAAE4-83A8-4D57-B959-D94DA3108139}.Release|Any CPU.ActiveCfg = Release|Any CPU
		{9FFAAAE4-83A8-4D57-B959-D94DA3108139}.Release|Any CPU.Build.0 = Release|Any CPU
	EndGlobalSection
	GlobalSection(SolutionProperties) = preSolution
		HideSolutionNode = FALSE
	EndGlobalSection
	GlobalSection(ExtensibilityGlobals) = postSolution
		SolutionGuid = {77CA1021-DA06-4324-8CBB-1EE4705562D2}
	EndGlobalSection
EndGlobal
