
Microsoft Visual Studio Solution File, Format Version 12.00
# Visual Studio Version 17
VisualStudioVersion = 17.4.33213.308
MinimumVisualStudioVersion = 10.0.40219.1
Project("{FAE04EC0-301F-11D3-BF4B-00C04F79EFBC}") = "Een eigen huis", "Een eigen huis.csproj", "{92771F68-5774-42DF-9C56-DCFA563BFDBC}"
EndProject
Global
	GlobalSection(SolutionConfigurationPlatforms) = preSolution
		Debug|Any CPU = Debug|Any CPU
		Release|Any CPU = Release|Any CPU
	EndGlobalSection
	GlobalSection(ProjectConfigurationPlatforms) = postSolution
		{92771F68-5774-42DF-9C56-DCFA563BFDBC}.Debug|Any CPU.ActiveCfg = Debug|Any CPU
		{92771F68-5774-42DF-9C56-DCFA563BFDBC}.Debug|Any CPU.Build.0 = Debug|Any CPU
		{92771F68-5774-42DF-9C56-DCFA563BFDBC}.Release|Any CPU.ActiveCfg = Release|Any CPU
		{92771F68-5774-42DF-9C56-DCFA563BFDBC}.Release|Any CPU.Build.0 = Release|Any CPU
	EndGlobalSection
	GlobalSection(SolutionProperties) = preSolution
		HideSolutionNode = FALSE
	EndGlobalSection
	GlobalSection(ExtensibilityGlobals) = postSolution
		SolutionGuid = {2570E538-CA88-4C21-94B8-7971AF54CFF1}
	EndGlobalSection
EndGlobal
