
Microsoft Visual Studio Solution File, Format Version 12.00
# Visual Studio Version 17
VisualStudioVersion = 17.4.33213.308
MinimumVisualStudioVersion = 10.0.40219.1
Project("{FAE04EC0-301F-11D3-BF4B-00C04F79EFBC}") = "Bankmanager 2", "Bankmanager 2.csproj", "{35BABB94-356C-4839-9106-40FE9230656B}"
EndProject
Global
	GlobalSection(SolutionConfigurationPlatforms) = preSolution
		Debug|Any CPU = Debug|Any CPU
		Release|Any CPU = Release|Any CPU
	EndGlobalSection
	GlobalSection(ProjectConfigurationPlatforms) = postSolution
		{35BABB94-356C-4839-9106-40FE9230656B}.Debug|Any CPU.ActiveCfg = Debug|Any CPU
		{35BABB94-356C-4839-9106-40FE9230656B}.Debug|Any CPU.Build.0 = Debug|Any CPU
		{35BABB94-356C-4839-9106-40FE9230656B}.Release|Any CPU.ActiveCfg = Release|Any CPU
		{35BABB94-356C-4839-9106-40FE9230656B}.Release|Any CPU.Build.0 = Release|Any CPU
	EndGlobalSection
	GlobalSection(SolutionProperties) = preSolution
		HideSolutionNode = FALSE
	EndGlobalSection
	GlobalSection(ExtensibilityGlobals) = postSolution
		SolutionGuid = {E52601AA-084C-456E-A19F-45361CD60C24}
	EndGlobalSection
EndGlobal
