
Microsoft Visual Studio Solution File, Format Version 12.00
# Visual Studio Version 17
VisualStudioVersion = 17.4.33213.308
MinimumVisualStudioVersion = 10.0.40219.1
Project("{FAE04EC0-301F-11D3-BF4B-00C04F79EFBC}") = "Politiek", "Politiek.csproj", "{829AC80F-9018-4135-94A9-F303F9FD13FD}"
EndProject
Global
	GlobalSection(SolutionConfigurationPlatforms) = preSolution
		Debug|Any CPU = Debug|Any CPU
		Release|Any CPU = Release|Any CPU
	EndGlobalSection
	GlobalSection(ProjectConfigurationPlatforms) = postSolution
		{829AC80F-9018-4135-94A9-F303F9FD13FD}.Debug|Any CPU.ActiveCfg = Debug|Any CPU
		{829AC80F-9018-4135-94A9-F303F9FD13FD}.Debug|Any CPU.Build.0 = Debug|Any CPU
		{829AC80F-9018-4135-94A9-F303F9FD13FD}.Release|Any CPU.ActiveCfg = Release|Any CPU
		{829AC80F-9018-4135-94A9-F303F9FD13FD}.Release|Any CPU.Build.0 = Release|Any CPU
	EndGlobalSection
	GlobalSection(SolutionProperties) = preSolution
		HideSolutionNode = FALSE
	EndGlobalSection
	GlobalSection(ExtensibilityGlobals) = postSolution
		SolutionGuid = {56347823-BA73-4A73-9E59-7625F144F0E4}
	EndGlobalSection
EndGlobal
