
Microsoft Visual Studio Solution File, Format Version 12.00
# Visual Studio Version 17
VisualStudioVersion = 17.4.33213.308
MinimumVisualStudioVersion = 10.0.40219.1
Project("{FAE04EC0-301F-11D3-BF4B-00C04F79EFBC}") = "Money, money, money", "Money, money, money.csproj", "{6BED7472-68E9-45B9-A143-1BA838E4BE24}"
EndProject
Global
	GlobalSection(SolutionConfigurationPlatforms) = preSolution
		Debug|Any CPU = Debug|Any CPU
		Release|Any CPU = Release|Any CPU
	EndGlobalSection
	GlobalSection(ProjectConfigurationPlatforms) = postSolution
		{6BED7472-68E9-45B9-A143-1BA838E4BE24}.Debug|Any CPU.ActiveCfg = Debug|Any CPU
		{6BED7472-68E9-45B9-A143-1BA838E4BE24}.Debug|Any CPU.Build.0 = Debug|Any CPU
		{6BED7472-68E9-45B9-A143-1BA838E4BE24}.Release|Any CPU.ActiveCfg = Release|Any CPU
		{6BED7472-68E9-45B9-A143-1BA838E4BE24}.Release|Any CPU.Build.0 = Release|Any CPU
	EndGlobalSection
	GlobalSection(SolutionProperties) = preSolution
		HideSolutionNode = FALSE
	EndGlobalSection
	GlobalSection(ExtensibilityGlobals) = postSolution
		SolutionGuid = {750C4F31-3252-4005-A1FB-81DDAC068BBD}
	EndGlobalSection
EndGlobal
