
Microsoft Visual Studio Solution File, Format Version 12.00
# Visual Studio Version 17
VisualStudioVersion = 17.4.33213.308
MinimumVisualStudioVersion = 10.0.40219.1
Project("{FAE04EC0-301F-11D3-BF4B-00C04F79EFBC}") = "PizzaTime", "PizzaTime.csproj", "{CF715FAA-99BE-4606-8C73-A06DD7F69200}"
EndProject
Global
	GlobalSection(SolutionConfigurationPlatforms) = preSolution
		Debug|Any CPU = Debug|Any CPU
		Release|Any CPU = Release|Any CPU
	EndGlobalSection
	GlobalSection(ProjectConfigurationPlatforms) = postSolution
		{CF715FAA-99BE-4606-8C73-A06DD7F69200}.Debug|Any CPU.ActiveCfg = Debug|Any CPU
		{CF715FAA-99BE-4606-8C73-A06DD7F69200}.Debug|Any CPU.Build.0 = Debug|Any CPU
		{CF715FAA-99BE-4606-8C73-A06DD7F69200}.Release|Any CPU.ActiveCfg = Release|Any CPU
		{CF715FAA-99BE-4606-8C73-A06DD7F69200}.Release|Any CPU.Build.0 = Release|Any CPU
	EndGlobalSection
	GlobalSection(SolutionProperties) = preSolution
		HideSolutionNode = FALSE
	EndGlobalSection
	GlobalSection(ExtensibilityGlobals) = postSolution
		SolutionGuid = {0A0B8235-EC95-4A98-BC6F-EF56325D481B}
	EndGlobalSection
EndGlobal
