
Microsoft Visual Studio Solution File, Format Version 12.00
# Visual Studio Version 17
VisualStudioVersion = 17.4.33213.308
MinimumVisualStudioVersion = 10.0.40219.1
Project("{FAE04EC0-301F-11D3-BF4B-00C04F79EFBC}") = "Dobbelstenen", "Dobbelstenen.csproj", "{702D423E-F314-4A08-AE42-C0B32B12D362}"
EndProject
Global
	GlobalSection(SolutionConfigurationPlatforms) = preSolution
		Debug|Any CPU = Debug|Any CPU
		Release|Any CPU = Release|Any CPU
	EndGlobalSection
	GlobalSection(ProjectConfigurationPlatforms) = postSolution
		{702D423E-F314-4A08-AE42-C0B32B12D362}.Debug|Any CPU.ActiveCfg = Debug|Any CPU
		{702D423E-F314-4A08-AE42-C0B32B12D362}.Debug|Any CPU.Build.0 = Debug|Any CPU
		{702D423E-F314-4A08-AE42-C0B32B12D362}.Release|Any CPU.ActiveCfg = Release|Any CPU
		{702D423E-F314-4A08-AE42-C0B32B12D362}.Release|Any CPU.Build.0 = Release|Any CPU
	EndGlobalSection
	GlobalSection(SolutionProperties) = preSolution
		HideSolutionNode = FALSE
	EndGlobalSection
	GlobalSection(ExtensibilityGlobals) = postSolution
		SolutionGuid = {4797513E-4DA2-404A-9AA6-555999102C18}
	EndGlobalSection
EndGlobal
